
Microsoft Visual Studio Solution File, Format Version 12.00
# Visual Studio 2013
VisualStudioVersion = 12.0.31101.0
MinimumVisualStudioVersion = 10.0.40219.1
Project("{8BC9CEB8-8B4A-11D0-8D11-00A0C91BC942}") = "cefclient", "cefclient.vcxproj", "{43CC1856-8F29-41E5-89ED-0CE19DFF8350}"
	ProjectSection(ProjectDependencies) = postProject
		{9735B942-A33E-4056-A94E-847863E1A501} = {9735B942-A33E-4056-A94E-847863E1A501}
		{CE92BEB6-74FC-404A-817B-A2E50C4BCAEA} = {CE92BEB6-74FC-404A-817B-A2E50C4BCAEA}
	EndProjectSection
EndProject
Project("{8BC9CEB8-8B4A-11D0-8D11-00A0C91BC942}") = "cefclient_process", "cefclient_process.vcxproj", "{CE92BEB6-74FC-404A-817B-A2E50C4BCAEA}"
EndProject
Project("{8BC9CEB8-8B4A-11D0-8D11-00A0C91BC942}") = "ALL_BUILD", "ALL_BUILD.vcxproj", "{2E8B8AA3-CD81-4E11-A3C5-0D58CB7A11AC}"
EndProject
Project("{8BC9CEB8-8B4A-11D0-8D11-00A0C91BC942}") = "libcef_dll_wrapper", "libcef_dll_wrapper.vcxproj", "{9735B942-A33E-4056-A94E-847863E1A501}"
	ProjectSection(ProjectDependencies) = postProject
		{2E8B8AA3-CD81-4E11-A3C5-0D58CB7A11AC} = {2E8B8AA3-CD81-4E11-A3C5-0D58CB7A11AC}
		{3ECB60EE-9BA6-4139-9B45-BE46EC75AB62} = {3ECB60EE-9BA6-4139-9B45-BE46EC75AB62}
	EndProjectSection
EndProject
Project("{8BC9CEB8-8B4A-11D0-8D11-00A0C91BC942}") = "ZERO_CHECK", "ZERO_CHECK.vcxproj", "{3ECB60EE-9BA6-4139-9B45-BE46EC75AB62}"
EndProject
Global
	GlobalSection(SolutionConfigurationPlatforms) = preSolution
		Debug|Win32 = Debug|Win32
		MinSizeRel|Win32 = MinSizeRel|Win32
		Release|Win32 = Release|Win32
		RelWithDebInfo|Win32 = RelWithDebInfo|Win32
	EndGlobalSection
	GlobalSection(ProjectConfigurationPlatforms) = postSolution
		{43CC1856-8F29-41E5-89ED-0CE19DFF8350}.Debug|Win32.ActiveCfg = Debug|Win32
		{43CC1856-8F29-41E5-89ED-0CE19DFF8350}.Debug|Win32.Build.0 = Debug|Win32
		{43CC1856-8F29-41E5-89ED-0CE19DFF8350}.MinSizeRel|Win32.ActiveCfg = Release|Win32
		{43CC1856-8F29-41E5-89ED-0CE19DFF8350}.MinSizeRel|Win32.Build.0 = Release|Win32
		{43CC1856-8F29-41E5-89ED-0CE19DFF8350}.Release|Win32.ActiveCfg = Release|Win32
		{43CC1856-8F29-41E5-89ED-0CE19DFF8350}.Release|Win32.Build.0 = Release|Win32
		{43CC1856-8F29-41E5-89ED-0CE19DFF8350}.RelWithDebInfo|Win32.ActiveCfg = Release|Win32
		{43CC1856-8F29-41E5-89ED-0CE19DFF8350}.RelWithDebInfo|Win32.Build.0 = Release|Win32
		{CE92BEB6-74FC-404A-817B-A2E50C4BCAEA}.Debug|Win32.ActiveCfg = Debug|Win32
		{CE92BEB6-74FC-404A-817B-A2E50C4BCAEA}.Debug|Win32.Build.0 = Debug|Win32
		{CE92BEB6-74FC-404A-817B-A2E50C4BCAEA}.MinSizeRel|Win32.ActiveCfg = Release|Win32
		{CE92BEB6-74FC-404A-817B-A2E50C4BCAEA}.MinSizeRel|Win32.Build.0 = Release|Win32
		{CE92BEB6-74FC-404A-817B-A2E50C4BCAEA}.Release|Win32.ActiveCfg = Release|Win32
		{CE92BEB6-74FC-404A-817B-A2E50C4BCAEA}.Release|Win32.Build.0 = Release|Win32
		{CE92BEB6-74FC-404A-817B-A2E50C4BCAEA}.RelWithDebInfo|Win32.ActiveCfg = Release|Win32
		{CE92BEB6-74FC-404A-817B-A2E50C4BCAEA}.RelWithDebInfo|Win32.Build.0 = Release|Win32
		{2E8B8AA3-CD81-4E11-A3C5-0D58CB7A11AC}.Debug|Win32.ActiveCfg = Debug|Win32
		{2E8B8AA3-CD81-4E11-A3C5-0D58CB7A11AC}.Debug|Win32.Build.0 = Debug|Win32
		{2E8B8AA3-CD81-4E11-A3C5-0D58CB7A11AC}.MinSizeRel|Win32.ActiveCfg = MinSizeRel|Win32
		{2E8B8AA3-CD81-4E11-A3C5-0D58CB7A11AC}.MinSizeRel|Win32.Build.0 = MinSizeRel|Win32
		{2E8B8AA3-CD81-4E11-A3C5-0D58CB7A11AC}.Release|Win32.ActiveCfg = Release|Win32
		{2E8B8AA3-CD81-4E11-A3C5-0D58CB7A11AC}.Release|Win32.Build.0 = Release|Win32
		{2E8B8AA3-CD81-4E11-A3C5-0D58CB7A11AC}.RelWithDebInfo|Win32.ActiveCfg = RelWithDebInfo|Win32
		{2E8B8AA3-CD81-4E11-A3C5-0D58CB7A11AC}.RelWithDebInfo|Win32.Build.0 = RelWithDebInfo|Win32
		{9735B942-A33E-4056-A94E-847863E1A501}.Debug|Win32.ActiveCfg = Debug|Win32
		{9735B942-A33E-4056-A94E-847863E1A501}.Debug|Win32.Build.0 = Debug|Win32
		{9735B942-A33E-4056-A94E-847863E1A501}.MinSizeRel|Win32.ActiveCfg = MinSizeRel|Win32
		{9735B942-A33E-4056-A94E-847863E1A501}.MinSizeRel|Win32.Build.0 = MinSizeRel|Win32
		{9735B942-A33E-4056-A94E-847863E1A501}.Release|Win32.ActiveCfg = Release|Win32
		{9735B942-A33E-4056-A94E-847863E1A501}.Release|Win32.Build.0 = Release|Win32
		{9735B942-A33E-4056-A94E-847863E1A501}.RelWithDebInfo|Win32.ActiveCfg = RelWithDebInfo|Win32
		{9735B942-A33E-4056-A94E-847863E1A501}.RelWithDebInfo|Win32.Build.0 = RelWithDebInfo|Win32
		{3ECB60EE-9BA6-4139-9B45-BE46EC75AB62}.Debug|Win32.ActiveCfg = Debug|Win32
		{3ECB60EE-9BA6-4139-9B45-BE46EC75AB62}.Debug|Win32.Build.0 = Debug|Win32
		{3ECB60EE-9BA6-4139-9B45-BE46EC75AB62}.MinSizeRel|Win32.ActiveCfg = MinSizeRel|Win32
		{3ECB60EE-9BA6-4139-9B45-BE46EC75AB62}.MinSizeRel|Win32.Build.0 = MinSizeRel|Win32
		{3ECB60EE-9BA6-4139-9B45-BE46EC75AB62}.Release|Win32.ActiveCfg = Release|Win32
		{3ECB60EE-9BA6-4139-9B45-BE46EC75AB62}.Release|Win32.Build.0 = Release|Win32
		{3ECB60EE-9BA6-4139-9B45-BE46EC75AB62}.RelWithDebInfo|Win32.ActiveCfg = RelWithDebInfo|Win32
		{3ECB60EE-9BA6-4139-9B45-BE46EC75AB62}.RelWithDebInfo|Win32.Build.0 = RelWithDebInfo|Win32
	EndGlobalSection
	GlobalSection(SolutionProperties) = preSolution
		HideSolutionNode = FALSE
	EndGlobalSection
	GlobalSection(ExtensibilityGlobals) = postSolution
		Qt5Version = qt5_4_0_msvc2010_opengl
	EndGlobalSection
EndGlobal
